// !$*UTF8*$!
{
	archiveVersion = 1;
	classes = {
	};
	objectVersion = 46;
	objects = {

/* Begin PBXBuildFile section */
		4EBEEB811C1123D400DCB003 /* main.m in Sources */ = {isa = PBXBuildFile; fileRef = 4EBEEB801C1123D400DCB003 /* main.m */; };
		4EBEEB841C1123D400DCB003 /* AppDelegate.m in Sources */ = {isa = PBXBuildFile; fileRef = 4EBEEB831C1123D400DCB003 /* AppDelegate.m */; };
		4EBEEB871C1123D400DCB003 /* ViewController.m in Sources */ = {isa = PBXBuildFile; fileRef = 4EBEEB861C1123D400DCB003 /* ViewController.m */; };
		4EBEEB8A1C1123D400DCB003 /* Main.storyboard in Resources */ = {isa = PBXBuildFile; fileRef = 4EBEEB881C1123D400DCB003 /* Main.storyboard */; };
		4EBEEB8C1C1123D400DCB003 /* Images.xcassets in Resources */ = {isa = PBXBuildFile; fileRef = 4EBEEB8B1C1123D400DCB003 /* Images.xcassets */; };
		4EBEEB8F1C1123D400DCB003 /* LaunchScreen.xib in Resources */ = {isa = PBXBuildFile; fileRef = 4EBEEB8D1C1123D400DCB003 /* LaunchScreen.xib */; };
		4EBEEB9B1C1123D400DCB003 /* xudaweiTests.m in Sources */ = {isa = PBXBuildFile; fileRef = 4EBEEB9A1C1123D400DCB003 /* xudaweiTests.m */; };
/* End PBXBuildFile section */

/* Begin PBXContainerItemProxy section */
		4EBEEB951C1123D400DCB003 /* PBXContainerItemProxy */ = {
			isa = PBXContainerItemProxy;
			containerPortal = 4EBEEB731C1123D400DCB003 /* Project object */;
			proxyType = 1;
			remoteGlobalIDString = 4EBEEB7A1C1123D400DCB003;
			remoteInfo = xudawei;
		};
/* End PBXContainerItemProxy section */

/* Begin PBXFileReference section */
		4EBEEB7B1C1123D400DCB003 /* xudawei.app */ = {isa = PBXFileReference; explicitFileType = wrapper.application; includeInIndex = 0; path = xudawei.app; sourceTree = BUILT_PRODUCTS_DIR; };
		4EBEEB7F1C1123D400DCB003 /* Info.plist */ = {isa = PBXFileReference; lastKnownFileType = text.plist.xml; path = Info.plist; sourceTree = "<group>"; };
		4EBEEB801C1123D400DCB003 /* main.m */ = {isa = PBXFileReference; lastKnownFileType = sourcecode.c.objc; path = main.m; sourceTree = "<group>"; };
		4EBEEB821C1123D400DCB003 /* AppDelegate.h */ = {isa = PBXFileReference; lastKnownFileType = sourcecode.c.h; path = AppDelegate.h; sourceTree = "<group>"; };
		4EBEEB831C1123D400DCB003 /* AppDelegate.m */ = {isa = PBXFileReference; lastKnownFileType = sourcecode.c.objc; path = AppDelegate.m; sourceTree = "<group>"; };
		4EBEEB851C1123D400DCB003 /* ViewController.h */ = {isa = PBXFileReference; lastKnownFileType = sourcecode.c.h; path = ViewController.h; sourceTree = "<group>"; };
		4EBEEB861C1123D400DCB003 /* ViewController.m */ = {isa = PBXFileReference; lastKnownFileType = sourcecode.c.objc; path = ViewController.m; sourceTree = "<group>"; };
		4EBEEB891C1123D400DCB003 /* Base */ = {isa = PBXFileReference; lastKnownFileType = file.storyboard; name = Base; path = Base.lproj/Main.storyboard; sourceTree = "<group>"; };
		4EBEEB8B1C1123D400DCB003 /* Images.xcassets */ = {isa = PBXFileReference; lastKnownFileType = folder.assetcatalog; path = Images.xcassets; sourceTree = "<group>"; };
		4EBEEB8E1C1123D400DCB003 /* Base */ = {isa = PBXFileReference; lastKnownFileType = file.xib; name = Base; path = Base.lproj/LaunchScreen.xib; sourceTree = "<group>"; };
		4EBEEB941C1123D400DCB003 /* xudaweiTests.xctest */ = {isa = PBXFileReference; explicitFileType = wrapper.cfbundle; includeInIndex = 0; path = xudaweiTests.xctest; sourceTree = BUILT_PRODUCTS_DIR; };
		4EBEEB991C1123D400DCB003 /* Info.plist */ = {isa = PBXFileReference; lastKnownFileType = text.plist.xml; path = Info.plist; sourceTree = "<group>"; };
		4EBEEB9A1C1123D400DCB003 /* xudaweiTests.m */ = {isa = PBXFileReference; lastKnownFileType = sourcecode.c.objc; path = xudaweiTests.m; sourceTree = "<group>"; };
/* End PBXFileReference section */

/* Begin PBXFrameworksBuildPhase section */
		4EBEEB781C1123D400DCB003 /* Frameworks */ = {
			isa = PBXFrameworksBuildPhase;
			buildActionMask = 2147483647;
			files = (
			);
			runOnlyForDeploymentPostprocessing = 0;
		};
		4EBEEB911C1123D400DCB003 /* Frameworks */ = {
			isa = PBXFrameworksBuildPhase;
			buildActionMask = 2147483647;
			files = (
			);
			runOnlyForDeploymentPostprocessing = 0;
		};
/* End PBXFrameworksBuildPhase section */

/* Begin PBXGroup section */
		4EBEEB721C1123D400DCB003 = {
			isa = PBXGroup;
			children = (
				4EBEEB7D1C1123D400DCB003 /* xudawei */,
				4EBEEB971C1123D400DCB003 /* xudaweiTests */,
				4EBEEB7C1C1123D400DCB003 /* Products */,
			);
			sourceTree = "<group>";
		};
		4EBEEB7C1C1123D400DCB003 /* Products */ = {
			isa = PBXGroup;
			children = (
				4EBEEB7B1C1123D400DCB003 /* xudawei.app */,
				4EBEEB941C1123D400DCB003 /* xudaweiTests.xctest */,
			);
			name = Products;
			sourceTree = "<group>";
		};
		4EBEEB7D1C1123D400DCB003 /* xudawei */ = {
			isa = PBXGroup;
			children = (
				4EBEEB821C1123D400DCB003 /* AppDelegate.h */,
				4EBEEB831C1123D400DCB003 /* AppDelegate.m */,
				4EBEEB851C1123D400DCB003 /* ViewController.h */,
				4EBEEB861C1123D400DCB003 /* ViewController.m */,
				4EBEEB881C1123D400DCB003 /* Main.storyboard */,
				4EBEEB8B1C1123D400DCB003 /* Images.xcassets */,
				4EBEEB8D1C1123D400DCB003 /* LaunchScreen.xib */,
				4EBEEB7E1C1123D400DCB003 /* Supporting Files */,
			);
			path = xudawei;
			sourceTree = "<group>";
		};
		4EBEEB7E1C1123D400DCB003 /* Supporting Files */ = {
			isa = PBXGroup;
			children = (
				4EBEEB7F1C1123D400DCB003 /* Info.plist */,
				4EBEEB801C1123D400DCB003 /* main.m */,
			);
			name = "Supporting Files";
			sourceTree = "<group>";
		};
		4EBEEB971C1123D400DCB003 /* xudaweiTests */ = {
			isa = PBXGroup;
			children = (
				4EBEEB9A1C1123D400DCB003 /* xudaweiTests.m */,
				4EBEEB981C1123D400DCB003 /* Supporting Files */,
			);
			path = xudaweiTests;
			sourceTree = "<group>";
		};
		4EBEEB981C1123D400DCB003 /* Supporting Files */ = {
			isa = PBXGroup;
			children = (
				4EBEEB991C1123D400DCB003 /* Info.plist */,
			);
			name = "Supporting Files";
			sourceTree = "<group>";
		};
/* End PBXGroup section */

/* Begin PBXNativeTarget section */
		4EBEEB7A1C1123D400DCB003 /* xudawei */ = {
			isa = PBXNativeTarget;
			buildConfigurationList = 4EBEEB9E1C1123D400DCB003 /* Build configuration list for PBXNativeTarget "xudawei" */;
			buildPhases = (
				4EBEEB771C1123D400DCB003 /* Sources */,
				4EBEEB781C1123D400DCB003 /* Frameworks */,
				4EBEEB791C1123D400DCB003 /* Resources */,
			);
			buildRules = (
			);
			dependencies = (
			);
			name = xudawei;
			productName = xudawei;
			productReference = 4EBEEB7B1C1123D400DCB003 /* xudawei.app */;
			productType = "com.apple.product-type.application";
		};
		4EBEEB931C1123D400DCB003 /* xudaweiTests */ = {
			isa = PBXNativeTarget;
			buildConfigurationList = 4EBEEBA11C1123D400DCB003 /* Build configuration list for PBXNativeTarget "xudaweiTests" */;
			buildPhases = (
				4EBEEB901C1123D400DCB003 /* Sources */,
				4EBEEB911C1123D400DCB003 /* Frameworks */,
				4EBEEB921C1123D400DCB003 /* Resources */,
			);
			buildRules = (
			);
			dependencies = (
				4EBEEB961C1123D400DCB003 /* PBXTargetDependency */,
			);
			name = xudaweiTests;
			productName = xudaweiTests;
			productReference = 4EBEEB941C1123D400DCB003 /* xudaweiTests.xctest */;
			productType = "com.apple.product-type.bundle.unit-test";
		};
/* End PBXNativeTarget section */

/* Begin PBXProject section */
		4EBEEB731C1123D400DCB003 /* Project object */ = {
			isa = PBXProject;
			attributes = {
				LastUpgradeCheck = 0600;
				ORGANIZATIONNAME = "徐大威";
				TargetAttributes = {
					4EBEEB7A1C1123D400DCB003 = {
						CreatedOnToolsVersion = 6.0.1;
					};
					4EBEEB931C1123D400DCB003 = {
						CreatedOnToolsVersion = 6.0.1;
						TestTargetID = 4EBEEB7A1C1123D400DCB003;
					};
				};
			};
			buildConfigurationList = 4EBEEB761C1123D400DCB003 /* Build configuration list for PBXProject "xudawei" */;
			compatibilityVersion = "Xcode 3.2";
			developmentRegion = English;
			hasScannedForEncodings = 0;
			knownRegions = (
				en,
				Base,
			);
			mainGroup = 4EBEEB721C1123D400DCB003;
			productRefGroup = 4EBEEB7C1C1123D400DCB003 /* Products */;
			projectDirPath = "";
			projectRoot = "";
			targets = (
				4EBEEB7A1C1123D400DCB003 /* xudawei */,
				4EBEEB931C1123D400DCB003 /* xudaweiTests */,
			);
		};
/* End PBXProject section */

/* Begin PBXResourcesBuildPhase section */
		4EBEEB791C1123D400DCB003 /* Resources */ = {
			isa = PBXResourcesBuildPhase;
			buildActionMask = 2147483647;
			files = (
				4EBEEB8A1C1123D400DCB003 /* Main.storyboard in Resources */,
				4EBEEB8F1C1123D400DCB003 /* LaunchScreen.xib in Resources */,
				4EBEEB8C1C1123D400DCB003 /* Images.xcassets in Resources */,
			);
			runOnlyForDeploymentPostprocessing = 0;
		};
		4EBEEB921C1123D400DCB003 /* Resources */ = {
			isa = PBXResourcesBuildPhase;
			buildActionMask = 2147483647;
			files = (
			);
			runOnlyForDeploymentPostprocessing = 0;
		};
/* End PBXResourcesBuildPhase section */

/* Begin PBXSourcesBuildPhase section */
		4EBEEB771C1123D400DCB003 /* Sources */ = {
			isa = PBXSourcesBuildPhase;
			buildActionMask = 2147483647;
			files = (
				4EBEEB871C1123D400DCB003 /* ViewController.m in Sources */,
				4EBEEB841C1123D400DCB003 /* AppDelegate.m in Sources */,
				4EBEEB811C1123D400DCB003 /* main.m in Sources */,
			);
			runOnlyForDeploymentPostprocessing = 0;
		};
		4EBEEB901C1123D400DCB003 /* Sources */ = {
			isa = PBXSourcesBuildPhase;
			buildActionMask = 2147483647;
			files = (
				4EBEEB9B1C1123D400DCB003 /* xudaweiTests.m in Sources */,
			);
			runOnlyForDeploymentPostprocessing = 0;
		};
/* End PBXSourcesBuildPhase section */

/* Begin PBXTargetDependency section */
		4EBEEB961C1123D400DCB003 /* PBXTargetDependency */ = {
			isa = PBXTargetDependency;
			target = 4EBEEB7A1C1123D400DCB003 /* xudawei */;
			targetProxy = 4EBEEB951C1123D400DCB003 /* PBXContainerItemProxy */;
		};
/* End PBXTargetDependency section */

/* Begin PBXVariantGroup section */
		4EBEEB881C1123D400DCB003 /* Main.storyboard */ = {
			isa = PBXVariantGroup;
			children = (
				4EBEEB891C1123D400DCB003 /* Base */,
			);
			name = Main.storyboard;
			sourceTree = "<group>";
		};
		4EBEEB8D1C1123D400DCB003 /* LaunchScreen.xib */ = {
			isa = PBXVariantGroup;
			children = (
				4EBEEB8E1C1123D400DCB003 /* Base */,
			);
			name = LaunchScreen.xib;
			sourceTree = "<group>";
		};
/* End PBXVariantGroup section */

/* Begin XCBuildConfiguration section */
		4EBEEB9C1C1123D400DCB003 /* Debug */ = {
			isa = XCBuildConfiguration;
			buildSettings = {
				ALWAYS_SEARCH_USER_PATHS = NO;
				CLANG_CXX_LANGUAGE_STANDARD = "gnu++0x";
				CLANG_CXX_LIBRARY = "libc++";
				CLANG_ENABLE_MODULES = YES;
				CLANG_ENABLE_OBJC_ARC = YES;
				CLANG_WARN_BOOL_CONVERSION = YES;
				CLANG_WARN_CONSTANT_CONVERSION = YES;
				CLANG_WARN_DIRECT_OBJC_ISA_USAGE = YES_ERROR;
				CLANG_WARN_EMPTY_BODY = YES;
				CLANG_WARN_ENUM_CONVERSION = YES;
				CLANG_WARN_INT_CONVERSION = YES;
				CLANG_WARN_OBJC_ROOT_CLASS = YES_ERROR;
				CLANG_WARN_UNREACHABLE_CODE = YES;
				CLANG_WARN__DUPLICATE_METHOD_MATCH = YES;
				"CODE_SIGN_IDENTITY[sdk=iphoneos*]" = "iPhone Developer";
				COPY_PHASE_STRIP = NO;
				ENABLE_STRICT_OBJC_MSGSEND = YES;
				GCC_C_LANGUAGE_STANDARD = gnu99;
				GCC_DYNAMIC_NO_PIC = NO;
				GCC_OPTIMIZATION_LEVEL = 0;
				GCC_PREPROCESSOR_DEFINITIONS = (
					"DEBUG=1",
					"$(inherited)",
				);
				GCC_SYMBOLS_PRIVATE_EXTERN = NO;
				GCC_WARN_64_TO_32_BIT_CONVERSION = YES;
				GCC_WARN_ABOUT_RETURN_TYPE = YES_ERROR;
				GCC_WARN_UNDECLARED_SELECTOR = YES;
				GCC_WARN_UNINITIALIZED_AUTOS = YES_AGGRESSIVE;
				GCC_WARN_UNUSED_FUNCTION = YES;
				GCC_WARN_UNUSED_VARIABLE = YES;
				IPHONEOS_DEPLOYMENT_TARGET = 8.0;
				MTL_ENABLE_DEBUG_INFO = YES;
				ONLY_ACTIVE_ARCH = YES;
				SDKROOT = iphoneos;
				TARGETED_DEVICE_FAMILY = "1,2";
			};
			name = Debug;
		};
		4EBEEB9D1C1123D400DCB003 /* Release */ = {
			isa = XCBuildConfiguration;
			buildSettings = {
				ALWAYS_SEARCH_USER_PATHS = NO;
				CLANG_CXX_LANGUAGE_STANDARD = "gnu++0x";
				CLANG_CXX_LIBRARY = "libc++";
				CLANG_ENABLE_MODULES = YES;
				CLANG_ENABLE_OBJC_ARC = YES;
				CLANG_WARN_BOOL_CONVERSION = YES;
				CLANG_WARN_CONSTANT_CONVERSION = YES;
				CLANG_WARN_DIRECT_OBJC_ISA_USAGE = YES_ERROR;
				CLANG_WARN_EMPTY_BODY = YES;
				CLANG_WARN_ENUM_CONVERSION = YES;
				CLANG_WARN_INT_CONVERSION = YES;
				CLANG_WARN_OBJC_ROOT_CLASS = YES_ERROR;
				CLANG_WARN_UNREACHABLE_CODE = YES;
				CLANG_WARN__DUPLICATE_METHOD_MATCH = YES;
				"CODE_SIGN_IDENTITY[sdk=iphoneos*]" = "iPhone Developer";
				COPY_PHASE_STRIP = YES;
				ENABLE_NS_ASSERTIONS = NO;
				ENABLE_STRICT_OBJC_MSGSEND = YES;
				GCC_C_LANGUAGE_STANDARD = gnu99;
				GCC_WARN_64_TO_32_BIT_CONVERSION = YES;
				GCC_WARN_ABOUT_RETURN_TYPE = YES_ERROR;
				GCC_WARN_UNDECLARED_SELECTOR = YES;
				GCC_WARN_UNINITIALIZED_AUTOS = YES_AGGRESSIVE;
				GCC_WARN_UNUSED_FUNCTION = YES;
				GCC_WARN_UNUSED_VARIABLE = YES;
				IPHONEOS_DEPLOYMENT_TARGET = 8.0;
				MTL_ENABLE_DEBUG_INFO = NO;
				SDKROOT = iphoneos;
				TARGETED_DEVICE_FAMILY = "1,2";
				VALIDATE_PRODUCT = YES;
			};
			name = Release;
		};
		4EBEEB9F1C1123D400DCB003 /* Debug */ = {
			isa = XCBuildConfiguration;
			buildSettings = {
				ASSETCATALOG_COMPILER_APPICON_NAME = AppIcon;
				INFOPLIST_FILE = xudawei/Info.plist;
				LD_RUNPATH_SEARCH_PATHS = "$(inherited) @executable_path/Frameworks";
				PRODUCT_NAME = "$(TARGET_NAME)";
			};
			name = Debug;
		};
		4EBEEBA01C1123D400DCB003 /* Release */ = {
			isa = XCBuildConfiguration;
			buildSettings = {
				ASSETCATALOG_COMPILER_APPICON_NAME = AppIcon;
				INFOPLIST_FILE = xudawei/Info.plist;
				LD_RUNPATH_SEARCH_PATHS = "$(inherited) @executable_path/Frameworks";
				PRODUCT_NAME = "$(TARGET_NAME)";
			};
			name = Release;
		};
		4EBEEBA21C1123D400DCB003 /* Debug */ = {
			isa = XCBuildConfiguration;
			buildSettings = {
				BUNDLE_LOADER = "$(TEST_HOST)";
				FRAMEWORK_SEARCH_PATHS = (
					"$(SDKROOT)/Developer/Library/Frameworks",
					"$(inherited)",
				);
				GCC_PREPROCESSOR_DEFINITIONS = (
					"DEBUG=1",
					"$(inherited)",
				);
				INFOPLIST_FILE = xudaweiTests/Info.plist;
				LD_RUNPATH_SEARCH_PATHS = "$(inherited) @executable_path/Frameworks @loader_path/Frameworks";
				PRODUCT_NAME = "$(TARGET_NAME)";
				TEST_HOST = "$(BUILT_PRODUCTS_DIR)/xudawei.app/xudawei";
			};
			name = Debug;
		};
		4EBEEBA31C1123D400DCB003 /* Release */ = {
			isa = XCBuildConfiguration;
			buildSettings = {
				BUNDLE_LOADER = "$(TEST_HOST)";
				FRAMEWORK_SEARCH_PATHS = (
					"$(SDKROOT)/Developer/Library/Frameworks",
					"$(inherited)",
				);
				INFOPLIST_FILE = xudaweiTests/Info.plist;
				LD_RUNPATH_SEARCH_PATHS = "$(inherited) @executable_path/Frameworks @loader_path/Frameworks";
				PRODUCT_NAME = "$(TARGET_NAME)";
				TEST_HOST = "$(BUILT_PRODUCTS_DIR)/xudawei.app/xudawei";
			};
			name = Release;
		};
/* End XCBuildConfiguration section */

/* Begin XCConfigurationList section */
		4EBEEB761C1123D400DCB003 /* Build configuration list for PBXProject "xudawei" */ = {
			isa = XCConfigurationList;
			buildConfigurations = (
				4EBEEB9C1C1123D400DCB003 /* Debug */,
				4EBEEB9D1C1123D400DCB003 /* Release */,
			);
			defaultConfigurationIsVisible = 0;
			defaultConfigurationName = Release;
		};
		4EBEEB9E1C1123D400DCB003 /* Build configuration list for PBXNativeTarget "xudawei" */ = {
			isa = XCConfigurationList;
			buildConfigurations = (
				4EBEEB9F1C1123D400DCB003 /* Debug */,
				4EBEEBA01C1123D400DCB003 /* Release */,
			);
			defaultConfigurationIsVisible = 0;
		};
		4EBEEBA11C1123D400DCB003 /* Build configuration list for PBXNativeTarget "xudaweiTests" */ = {
			isa = XCConfigurationList;
			buildConfigurations = (
				4EBEEBA21C1123D400DCB003 /* Debug */,
				4EBEEBA31C1123D400DCB003 /* Release */,
			);
			defaultConfigurationIsVisible = 0;
		};
/* End XCConfigurationList section */
	};
	rootObject = 4EBEEB731C1123D400DCB003 /* Project object */;
}
